
Microsoft Visual Studio Solution File, Format Version 12.00
# Visual Studio 15
VisualStudioVersion = 15.0.26730.16
MinimumVisualStudioVersion = 10.0.40219.1
Project("{8BC9CEB8-8B4A-11D0-8D11-00A0C91BC942}") = "MOVMetaEdit_CLI", "CLI\MOVMetaEdit_CLI.vcxproj", "{4B0470F1-7EEE-4EB1-B542-33C8D32BCDE3}"
EndProject
Project("{8BC9CEB8-8B4A-11D0-8D11-00A0C91BC942}") = "MOVMetaEdit_GUI", "GUI\MOVMetaEdit_GUI.vcxproj", "{5D87DF68-8F75-4696-8DF7-DF94C373935C}"
EndProject
Global
	GlobalSection(SolutionConfigurationPlatforms) = preSolution
		Debug|Win32 = Debug|Win32
		Debug|x64 = Debug|x64
		Release|Win32 = Release|Win32
		Release|x64 = Release|x64
	EndGlobalSection
	GlobalSection(ProjectConfigurationPlatforms) = postSolution
		{4B0470F1-7EEE-4EB1-B542-33C8D32BCDE3}.Debug|Win32.ActiveCfg = Debug|Win32
		{4B0470F1-7EEE-4EB1-B542-33C8D32BCDE3}.Debug|Win32.Build.0 = Debug|Win32
		{4B0470F1-7EEE-4EB1-B542-33C8D32BCDE3}.Debug|x64.ActiveCfg = Debug|x64
		{4B0470F1-7EEE-4EB1-B542-33C8D32BCDE3}.Debug|x64.Build.0 = Debug|x64
		{4B0470F1-7EEE-4EB1-B542-33C8D32BCDE3}.Release|Win32.ActiveCfg = Release|Win32
		{4B0470F1-7EEE-4EB1-B542-33C8D32BCDE3}.Release|Win32.Build.0 = Release|Win32
		{4B0470F1-7EEE-4EB1-B542-33C8D32BCDE3}.Release|x64.ActiveCfg = Release|x64
		{4B0470F1-7EEE-4EB1-B542-33C8D32BCDE3}.Release|x64.Build.0 = Release|x64
		{5D87DF68-8F75-4696-8DF7-DF94C373935C}.Debug|Win32.ActiveCfg = Debug|Win32
		{5D87DF68-8F75-4696-8DF7-DF94C373935C}.Debug|Win32.Build.0 = Debug|Win32
		{5D87DF68-8F75-4696-8DF7-DF94C373935C}.Debug|x64.ActiveCfg = Debug|x64
		{5D87DF68-8F75-4696-8DF7-DF94C373935C}.Debug|x64.Build.0 = Debug|x64
		{5D87DF68-8F75-4696-8DF7-DF94C373935C}.Release|Win32.ActiveCfg = Release|Win32
		{5D87DF68-8F75-4696-8DF7-DF94C373935C}.Release|Win32.Build.0 = Release|Win32
		{5D87DF68-8F75-4696-8DF7-DF94C373935C}.Release|x64.ActiveCfg = Release|x64
		{5D87DF68-8F75-4696-8DF7-DF94C373935C}.Release|x64.Build.0 = Release|x64
	EndGlobalSection
	GlobalSection(SolutionProperties) = preSolution
		HideSolutionNode = FALSE
	EndGlobalSection
EndGlobal
